{
  "name": "cinematic",
  "version": "3.2.2",
  "lockfileVersion": 3,
  "requires": true,
  "packages": {
    "": {
      "name": "cinematic",
      "version": "3.2.2",
      "workspaces": [
        "packages/cinematic-live-compose",
        "packages/cinematic-live-compose-test",
        "packages/cinematic-live-core",
        "packages/cinematic-live-core-test",
        "packages/cinematic-live-coroutines",
        "packages/cinematic-live-coroutines-test",
        "packages/cinematic-live-kollections",
        "packages/cinematic-live-kollections-test",
        "packages/cinematic-live-test",
        "packages/cinematic-live-test-test",
        "packages/cinematic-scene-core",
        "packages/cinematic-scene-core-test",
        "packages_imported/kommander-core/3.2.2",
        "packages_imported/koncurrent-executors-core/3.2.2",
        "packages_imported/koncurrent-executors-mock/3.2.2",
        "packages_imported/koncurrent-executors-coroutines/3.2.2",
        "packages_imported/kommander-coroutines/3.2.2",
        "packages_imported/kollections-primitive/3.2.2",
        "packages_imported/kase-core/3.2.2"
      ],
      "devDependencies": {}
    },
    "node_modules/cinematic-live-compose": {
      "resolved": "packages/cinematic-live-compose",
      "link": true
    },
    "node_modules/cinematic-live-compose-test": {
      "resolved": "packages/cinematic-live-compose-test",
      "link": true
    },
    "node_modules/cinematic-live-core": {
      "resolved": "packages/cinematic-live-core",
      "link": true
    },
    "node_modules/cinematic-live-core-test": {
      "resolved": "packages/cinematic-live-core-test",
      "link": true
    },
    "node_modules/cinematic-live-coroutines": {
      "resolved": "packages/cinematic-live-coroutines",
      "link": true
    },
    "node_modules/cinematic-live-coroutines-test": {
      "resolved": "packages/cinematic-live-coroutines-test",
      "link": true
    },
    "node_modules/cinematic-live-kollections": {
      "resolved": "packages/cinematic-live-kollections",
      "link": true
    },
    "node_modules/cinematic-live-kollections-test": {
      "resolved": "packages/cinematic-live-kollections-test",
      "link": true
    },
    "node_modules/cinematic-live-test": {
      "resolved": "packages/cinematic-live-test",
      "link": true
    },
    "node_modules/cinematic-live-test-test": {
      "resolved": "packages/cinematic-live-test-test",
      "link": true
    },
    "node_modules/cinematic-scene-core": {
      "resolved": "packages/cinematic-scene-core",
      "link": true
    },
    "node_modules/cinematic-scene-core-test": {
      "resolved": "packages/cinematic-scene-core-test",
      "link": true
    },
    "node_modules/kase-core": {
      "resolved": "packages_imported/kase-core/3.2.2",
      "link": true
    },
    "node_modules/kollections-primitive": {
      "resolved": "packages_imported/kollections-primitive/3.2.2",
      "link": true
    },
    "node_modules/kommander-core": {
      "resolved": "packages_imported/kommander-core/3.2.2",
      "link": true
    },
    "node_modules/kommander-coroutines": {
      "resolved": "packages_imported/kommander-coroutines/3.2.2",
      "link": true
    },
    "node_modules/koncurrent-executors-core": {
      "resolved": "packages_imported/koncurrent-executors-core/3.2.2",
      "link": true
    },
    "node_modules/koncurrent-executors-coroutines": {
      "resolved": "packages_imported/koncurrent-executors-coroutines/3.2.2",
      "link": true
    },
    "node_modules/koncurrent-executors-mock": {
      "resolved": "packages_imported/koncurrent-executors-mock/3.2.2",
      "link": true
    },
    "packages_imported/kase-core/3.1.14": {
      "name": "kase-core",
      "version": "3.1.14",
      "extraneous": true,
      "devDependencies": {}
    },
    "packages_imported/kase-core/3.2.2": {
      "name": "kase-core",
      "version": "3.2.2",
      "devDependencies": {}
    },
    "packages_imported/kollections-primitive/3.1.14": {
      "name": "kollections-primitive",
      "version": "3.1.14",
      "extraneous": true,
      "devDependencies": {}
    },
    "packages_imported/kollections-primitive/3.2.2": {
      "name": "kollections-primitive",
      "version": "3.2.2",
      "devDependencies": {}
    },
    "packages_imported/kommander-core/3.1.14": {
      "name": "kommander-core",
      "version": "3.1.14",
      "extraneous": true,
      "devDependencies": {}
    },
    "packages_imported/kommander-core/3.2.2": {
      "name": "kommander-core",
      "version": "3.2.2",
      "devDependencies": {}
    },
    "packages_imported/kommander-coroutines/3.1.14": {
      "name": "kommander-coroutines",
      "version": "3.1.14",
      "extraneous": true,
      "devDependencies": {}
    },
    "packages_imported/kommander-coroutines/3.2.2": {
      "name": "kommander-coroutines",
      "version": "3.2.2",
      "devDependencies": {}
    },
    "packages_imported/koncurrent-executors-core/3.1.14": {
      "name": "koncurrent-executors-core",
      "version": "3.1.14",
      "extraneous": true,
      "devDependencies": {}
    },
    "packages_imported/koncurrent-executors-core/3.2.2": {
      "name": "koncurrent-executors-core",
      "version": "3.2.2",
      "devDependencies": {}
    },
    "packages_imported/koncurrent-executors-coroutines/3.1.14": {
      "name": "koncurrent-executors-coroutines",
      "version": "3.1.14",
      "extraneous": true,
      "devDependencies": {}
    },
    "packages_imported/koncurrent-executors-coroutines/3.2.2": {
      "name": "koncurrent-executors-coroutines",
      "version": "3.2.2",
      "devDependencies": {}
    },
    "packages_imported/koncurrent-executors-mock/3.1.14": {
      "name": "koncurrent-executors-mock",
      "version": "3.1.14",
      "extraneous": true,
      "devDependencies": {}
    },
    "packages_imported/koncurrent-executors-mock/3.2.2": {
      "name": "koncurrent-executors-mock",
      "version": "3.2.2",
      "devDependencies": {}
    },
    "packages/cinematic-live-compose": {
      "version": "3.2.2",
      "devDependencies": {}
    },
    "packages/cinematic-live-compose-test": {
      "version": "3.2.2",
      "devDependencies": {}
    },
    "packages/cinematic-live-core": {
      "version": "3.2.2",
      "devDependencies": {}
    },
    "packages/cinematic-live-core-test": {
      "version": "3.2.2",
      "devDependencies": {}
    },
    "packages/cinematic-live-coroutines": {
      "version": "3.2.2",
      "devDependencies": {}
    },
    "packages/cinematic-live-coroutines-test": {
      "version": "3.2.2",
      "devDependencies": {}
    },
    "packages/cinematic-live-kollections": {
      "version": "3.2.2",
      "devDependencies": {}
    },
    "packages/cinematic-live-kollections-test": {
      "version": "3.2.2",
      "devDependencies": {}
    },
    "packages/cinematic-live-test": {
      "version": "3.2.2",
      "devDependencies": {}
    },
    "packages/cinematic-live-test-test": {
      "version": "3.2.2",
      "devDependencies": {}
    },
    "packages/cinematic-scene-core": {
      "version": "3.2.2",
      "devDependencies": {}
    },
    "packages/cinematic-scene-core-test": {
      "version": "3.2.2",
      "devDependencies": {}
    }
  }
}
